lockfileVersion: '9.0'

settings:
  autoInstallPeers: true
  excludeLinksFromLockfile: false

importers:

  .:
    devDependencies:
      nano-staged:
        specifier: ^0.8.0
        version: 0.8.0
      prettier:
        specifier: 3.2.5
        version: 3.2.5
      simple-git-hooks:
        specifier: ^2.11.1
        version: 2.11.1

packages:

  nano-staged@0.8.0:
    resolution: {integrity: sha512-QSEqPGTCJbkHU2yLvfY6huqYPjdBrOaTMKatO1F8nCSrkQGXeKwtCiCnsdxnuMhbg3DTVywKaeWLGCE5oJpq0g==}
    engines: {node: ^12.20.0 || ^14.13.1 || >=16.0.0}
    hasBin: true

  picocolors@1.0.1:
    resolution: {integrity: sha512-anP1Z8qwhkbmu7MFP5iTt+wQKXgwzf7zTyGlcdzabySa9vd0Xt392U0rVmz9poOaBj0uHJKyyo9/upk0HrEQew==}

  prettier@3.2.5:
    resolution: {integrity: sha512-3/GWa9aOC0YeD7LUfvOG2NiDyhOWRvt1k+rcKhOuYnMY24iiCphgneUfJDyFXd6rZCAnuLBv6UeAULtrhT/F4A==}
    engines: {node: '>=14'}
    hasBin: true

  simple-git-hooks@2.11.1:
    resolution: {integrity: sha512-tgqwPUMDcNDhuf1Xf6KTUsyeqGdgKMhzaH4PAZZuzguOgTl5uuyeYe/8mWgAr6IBxB5V06uqEf6Dy37gIWDtDg==}
    hasBin: true

snapshots:

  nano-staged@0.8.0:
    dependencies:
      picocolors: 1.0.1

  picocolors@1.0.1: {}

  prettier@3.2.5: {}

  simple-git-hooks@2.11.1: {}
