# THIS IS AN AUTOGENERATED FILE. DO NOT EDIT THIS FILE DIRECTLY.
# yarn lockfile v1


nano-staged@^0.8.0:
  version "0.8.0"
  resolved "https://registry.yarnpkg.com/nano-staged/-/nano-staged-0.8.0.tgz#23fd9a696a8f0d5b7b451b45a71a0ee884d115c1"
  integrity sha512-QSEqPGTCJbkHU2yLvfY6huqYPjdBrOaTMKatO1F8nCSrkQGXeKwtCiCnsdxnuMhbg3DTVywKaeWLGCE5oJpq0g==
  dependencies:
    picocolors "^1.0.0"

picocolors@^1.0.0:
  version "1.0.1"
  resolved "https://registry.yarnpkg.com/picocolors/-/picocolors-1.0.1.tgz#a8ad579b571952f0e5d25892de5445bcfe25aaa1"
  integrity sha512-anP1Z8qwhkbmu7MFP5iTt+wQKXgwzf7zTyGlcdzabySa9vd0Xt392U0rVmz9poOaBj0uHJKyyo9/upk0HrEQew==

prettier@3.2.5:
  version "3.2.5"
  resolved "https://registry.yarnpkg.com/prettier/-/prettier-3.2.5.tgz#e52bc3090586e824964a8813b09aba6233b28368"
  integrity sha512-3/GWa9aOC0YeD7LUfvOG2NiDyhOWRvt1k+rcKhOuYnMY24iiCphgneUfJDyFXd6rZCAnuLBv6UeAULtrhT/F4A==

simple-git-hooks@^2.11.1:
  version "2.11.1"
  resolved "https://registry.yarnpkg.com/simple-git-hooks/-/simple-git-hooks-2.11.1.tgz#4102f0b49dd72f148394a4446a958ad5ed461991"
  integrity sha512-tgqwPUMDcNDhuf1Xf6KTUsyeqGdgKMhzaH4PAZZuzguOgTl5uuyeYe/8mWgAr6IBxB5V06uqEf6Dy37gIWDtDg==
